
Microsoft Visual Studio Solution File, Format Version 12.00
# Visual Studio Version 16
VisualStudioVersion = 16.0.33214.272
MinimumVisualStudioVersion = 10.0.40219.1
Project("{9A19103F-16F7-4668-BE54-9A1E7A4F7556}") = "Mission9", "Mission9\Mission9.csproj", "{BE805B61-2F0A-41F8-9D68-674888929053}"
EndProject
Global
	GlobalSection(SolutionConfigurationPlatforms) = preSolution
		Debug|Any CPU = Debug|Any CPU
		Release|Any CPU = Release|Any CPU
	EndGlobalSection
	GlobalSection(ProjectConfigurationPlatforms) = postSolution
		{BE805B61-2F0A-41F8-9D68-674888929053}.Debug|Any CPU.ActiveCfg = Debug|Any CPU
		{BE805B61-2F0A-41F8-9D68-674888929053}.Debug|Any CPU.Build.0 = Debug|Any CPU
		{BE805B61-2F0A-41F8-9D68-674888929053}.Release|Any CPU.ActiveCfg = Release|Any CPU
		{BE805B61-2F0A-41F8-9D68-674888929053}.Release|Any CPU.Build.0 = Release|Any CPU
	EndGlobalSection
	GlobalSection(SolutionProperties) = preSolution
		HideSolutionNode = FALSE
	EndGlobalSection
	GlobalSection(ExtensibilityGlobals) = postSolution
		SolutionGuid = {FCC78BD0-A7BA-45C6-A1BD-AB0015D53AB3}
	EndGlobalSection
EndGlobal
